
Microsoft Visual Studio Solution File, Format Version 12.00
# Visual Studio 14
VisualStudioVersion = 14.0.25420.1
MinimumVisualStudioVersion = 10.0.40219.1
Project("{888888A0-9F3D-457C-B088-3A5042F75D52}") = "HelloWorld_gitHub", "HelloWorld_gitHub\HelloWorld_gitHub.pyproj", "{0E1D676A-B27A-4D2D-8CD5-F5E9E03DDB71}"
EndProject
Global
	GlobalSection(SolutionConfigurationPlatforms) = preSolution
		Debug|Any CPU = Debug|Any CPU
		Release|Any CPU = Release|Any CPU
	EndGlobalSection
	GlobalSection(ProjectConfigurationPlatforms) = postSolution
		{0E1D676A-B27A-4D2D-8CD5-F5E9E03DDB71}.Debug|Any CPU.ActiveCfg = Debug|Any CPU
		{0E1D676A-B27A-4D2D-8CD5-F5E9E03DDB71}.Release|Any CPU.ActiveCfg = Release|Any CPU
	EndGlobalSection
	GlobalSection(SolutionProperties) = preSolution
		HideSolutionNode = FALSE
	EndGlobalSection
EndGlobal
